
Microsoft Visual Studio Solution File, Format Version 12.00
# Visual Studio Version 17
VisualStudioVersion = 17.10.35013.160
MinimumVisualStudioVersion = 10.0.40219.1
Project("{FAE04EC0-301F-11D3-BF4B-00C04F79EFBC}") = "Lzo.net", "Lzo.net\Lzo.net.csproj", "{0C476B94-1160-4166-AACD-068C02F1F828}"
EndProject
Project("{F184B08F-C81C-45F6-A57F-5ABD9991F28F}") = "VBSample", "VBSample\VBSample.vbproj", "{DE5A400B-58C3-46D8-BAE5-461DB61CD903}"
	ProjectSection(ProjectDependencies) = postProject
		{0C476B94-1160-4166-AACD-068C02F1F828} = {0C476B94-1160-4166-AACD-068C02F1F828}
	EndProjectSection
EndProject
Global
	GlobalSection(SolutionConfigurationPlatforms) = preSolution
		Debug|Any CPU = Debug|Any CPU
		Release|Any CPU = Release|Any CPU
	EndGlobalSection
	GlobalSection(ProjectConfigurationPlatforms) = postSolution
		{0C476B94-1160-4166-AACD-068C02F1F828}.Debug|Any CPU.ActiveCfg = Debug|Any CPU
		{0C476B94-1160-4166-AACD-068C02F1F828}.Debug|Any CPU.Build.0 = Debug|Any CPU
		{0C476B94-1160-4166-AACD-068C02F1F828}.Release|Any CPU.ActiveCfg = Release|Any CPU
		{0C476B94-1160-4166-AACD-068C02F1F828}.Release|Any CPU.Build.0 = Release|Any CPU
		{DE5A400B-58C3-46D8-BAE5-461DB61CD903}.Debug|Any CPU.ActiveCfg = Debug|Any CPU
		{DE5A400B-58C3-46D8-BAE5-461DB61CD903}.Debug|Any CPU.Build.0 = Debug|Any CPU
		{DE5A400B-58C3-46D8-BAE5-461DB61CD903}.Release|Any CPU.ActiveCfg = Release|Any CPU
		{DE5A400B-58C3-46D8-BAE5-461DB61CD903}.Release|Any CPU.Build.0 = Release|Any CPU
	EndGlobalSection
	GlobalSection(SolutionProperties) = preSolution
		HideSolutionNode = FALSE
	EndGlobalSection
	GlobalSection(ExtensibilityGlobals) = postSolution
		SolutionGuid = {CF4C1414-9210-40D4-B7F4-36CBDAC61183}
	EndGlobalSection
EndGlobal
